
Microsoft Visual Studio Solution File, Format Version 12.00
# Visual Studio Version 17
VisualStudioVersion = 17.1.32127.271
MinimumVisualStudioVersion = 10.0.40219.1
Project("{FAE04EC0-301F-11D3-BF4B-00C04F79EFBC}") = "TransportCompany2", "TransportCompany2\TransportCompany2.csproj", "{670E99A5-72AA-401F-BF7C-49358ABD785F}"
EndProject
Global
	GlobalSection(SolutionConfigurationPlatforms) = preSolution
		Debug|Any CPU = Debug|Any CPU
		Release|Any CPU = Release|Any CPU
	EndGlobalSection
	GlobalSection(ProjectConfigurationPlatforms) = postSolution
		{670E99A5-72AA-401F-BF7C-49358ABD785F}.Debug|Any CPU.ActiveCfg = Debug|Any CPU
		{670E99A5-72AA-401F-BF7C-49358ABD785F}.Debug|Any CPU.Build.0 = Debug|Any CPU
		{670E99A5-72AA-401F-BF7C-49358ABD785F}.Release|Any CPU.ActiveCfg = Release|Any CPU
		{670E99A5-72AA-401F-BF7C-49358ABD785F}.Release|Any CPU.Build.0 = Release|Any CPU
	EndGlobalSection
	GlobalSection(SolutionProperties) = preSolution
		HideSolutionNode = FALSE
	EndGlobalSection
	GlobalSection(ExtensibilityGlobals) = postSolution
		SolutionGuid = {1D4CE3D5-9CAF-4968-9852-CC5AEE9B8737}
	EndGlobalSection
EndGlobal
